PODS:
  - Blueprints (0.13.1)
  - CachyKit (1.0.12)
  - GradientView (2.3.4)
  - MobileVLCKit (3.3.13)
  - Parchment (2.4.0)
  - TransitionButton (0.5.3)

DEPENDENCIES:
  - Blueprints
  - CachyKit
  - GradientView
  - MobileVLCKit
  - Parchment
  - TransitionButton

SPEC REPOS:
  trunk:
    - Blueprints
    - CachyKit
    - GradientView
    - MobileVLCKit
    - Parchment
    - TransitionButton

SPEC CHECKSUMS:
  Blueprints: ddd6ab1e455c98471aaef2fdd0b09b5f9b53af5b
  CachyKit: 2124962c967bcae57e31bb3fd5b64ae7063bf0fc
  GradientView: 61d79cc948bf66f9d453865794ace916c2ba0918
  MobileVLCKit: 92e1ea43124259417f481c890821efb2399d25e3
  Parchment: 002785473861582385db5c6725165353c500198e
  TransitionButton: 36283346e17c64775a1b3bc3a7a72940a367de1f

PODFILE CHECKSUM: edbf0d07b9c0ffe76b0060c650fdecc575597e40

COCOAPODS: 1.9.3
