PODS:
  - Blueprints (0.13.1)
  - GradientView (2.3.4)
  - MobileVLCKit (3.3.13)
  - Parchment (2.4.0)
  - RAMAnimatedTabBarController (5.2.0)
  - TransitionButton (0.5.3)

DEPENDENCIES:
  - Blueprints
  - GradientView
  - MobileVLCKit
  - Parchment
  - RAMAnimatedTabBarController
  - TransitionButton

SPEC REPOS:
  trunk:
    - Blueprints
    - GradientView
    - MobileVLCKit
    - Parchment
    - RAMAnimatedTabBarController
    - TransitionButton

SPEC CHECKSUMS:
  Blueprints: ddd6ab1e455c98471aaef2fdd0b09b5f9b53af5b
  GradientView: 61d79cc948bf66f9d453865794ace916c2ba0918
  MobileVLCKit: 92e1ea43124259417f481c890821efb2399d25e3
  Parchment: 002785473861582385db5c6725165353c500198e
  RAMAnimatedTabBarController: 6863a386e7ae2ab227cd60aa73ab8ff56cdacfdd
  TransitionButton: 36283346e17c64775a1b3bc3a7a72940a367de1f

PODFILE CHECKSUM: f9093ac88d8d104d428de5b3df9fd19f2dc71610

COCOAPODS: 1.9.3
